
Microsoft Visual Studio Solution File, Format Version 12.00
# Visual Studio Version 17
VisualStudioVersion = 17.13.35828.75 d17.13
MinimumVisualStudioVersion = 10.0.40219.1
Project("{FAE04EC0-301F-11D3-BF4B-00C04F79EFBC}") = "SimpleAPI", "SimpleAPI.csproj", "{63598844-733A-4954-B672-AA3AE92F66C9}"
EndProject
Global
	GlobalSection(SolutionConfigurationPlatforms) = preSolution
		Debug|Any CPU = Debug|Any CPU
		Release|Any CPU = Release|Any CPU
	EndGlobalSection
	GlobalSection(ProjectConfigurationPlatforms) = postSolution
		{63598844-733A-4954-B672-AA3AE92F66C9}.Debug|Any CPU.ActiveCfg = Debug|Any CPU
		{63598844-733A-4954-B672-AA3AE92F66C9}.Debug|Any CPU.Build.0 = Debug|Any CPU
		{63598844-733A-4954-B672-AA3AE92F66C9}.Release|Any CPU.ActiveCfg = Release|Any CPU
		{63598844-733A-4954-B672-AA3AE92F66C9}.Release|Any CPU.Build.0 = Release|Any CPU
	EndGlobalSection
	GlobalSection(SolutionProperties) = preSolution
		HideSolutionNode = FALSE
	EndGlobalSection
	GlobalSection(ExtensibilityGlobals) = postSolution
		SolutionGuid = {D29EE8A8-1A47-4F02-801F-3D2A29936CBE}
	EndGlobalSection
EndGlobal
